
Microsoft Visual Studio Solution File, Format Version 12.00
# Visual Studio Version 17
VisualStudioVersion = 17.8.34511.84
MinimumVisualStudioVersion = 10.0.40219.1
Project("{FAE04EC0-301F-11D3-BF4B-00C04F79EFBC}") = "CIT 195 Lesson 5 Sealed Class", "CIT 195 Lesson 5 Sealed Class.csproj", "{AF43274F-D634-484C-BBC0-B50419A71988}"
EndProject
Global
	GlobalSection(SolutionConfigurationPlatforms) = preSolution
		Debug|Any CPU = Debug|Any CPU
		Release|Any CPU = Release|Any CPU
	EndGlobalSection
	GlobalSection(ProjectConfigurationPlatforms) = postSolution
		{AF43274F-D634-484C-BBC0-B50419A71988}.Debug|Any CPU.ActiveCfg = Debug|Any CPU
		{AF43274F-D634-484C-BBC0-B50419A71988}.Debug|Any CPU.Build.0 = Debug|Any CPU
		{AF43274F-D634-484C-BBC0-B50419A71988}.Release|Any CPU.ActiveCfg = Release|Any CPU
		{AF43274F-D634-484C-BBC0-B50419A71988}.Release|Any CPU.Build.0 = Release|Any CPU
	EndGlobalSection
	GlobalSection(SolutionProperties) = preSolution
		HideSolutionNode = FALSE
	EndGlobalSection
	GlobalSection(ExtensibilityGlobals) = postSolution
		SolutionGuid = {946189A8-59DF-49AE-90B5-989B1FDB36CC}
	EndGlobalSection
EndGlobal
